<?xml version="1.0" encoding="utf-8"?>
<Project ToolsVersion="4.0" xmlns="http://schemas.microsoft.com/developer/msbuild/2003">
  <ItemGroup>
    <Filter Include="source">
      <UniqueIdentifier>{4FC737F1-C7A5-4376-A066-2A32D752A2FF}</UniqueIdentifier>
      <Extensions>cpp;c;cc;cxx;c++;cppm;ixx;def;odl;idl;hpj;bat;asm;asmx</Extensions>
    </Filter>
    <Filter Include="source\core">
      <UniqueIdentifier>{6b09ab0b-a614-42b1-afd5-b2b4bdc69915}</UniqueIdentifier>
    </Filter>
  </ItemGroup>
  <ItemGroup>
    <ClCompile Include="..\source\core\d3dApp.cpp">
      <Filter>source\core</Filter>
    </ClCompile>
    <ClCompile Include="..\source\core\Camera.cpp">
      <Filter>source\core</Filter>
    </ClCompile>
    <ClCompile Include="..\source\core\d3dUtil.cpp">
      <Filter>source\core</Filter>
    </ClCompile>
    <ClCompile Include="..\source\core\DDSTextureLoader.cpp">
      <Filter>source\core</Filter>
    </ClCompile>
    <ClCompile Include="..\source\core\GameTimer.cpp">
      <Filter>source\core</Filter>
    </ClCompile>
    <ClCompile Include="..\source\core\GeometryGenerator.cpp">
      <Filter>source\core</Filter>
    </ClCompile>
    <ClCompile Include="..\source\core\MathHelper.cpp">
      <Filter>source\core</Filter>
    </ClCompile>
  </ItemGroup>
  <ItemGroup>
    <ClInclude Include="..\source\core\Camera.h">
      <Filter>source\core</Filter>
    </ClInclude>
    <ClInclude Include="..\source\core\d3dApp.h">
      <Filter>source\core</Filter>
    </ClInclude>
    <ClInclude Include="..\source\core\d3dUtil.h">
      <Filter>source\core</Filter>
    </ClInclude>
    <ClInclude Include="..\source\core\d3dx12.h">
      <Filter>source\core</Filter>
    </ClInclude>
    <ClInclude Include="..\source\core\DDSTextureLoader.h">
      <Filter>source\core</Filter>
    </ClInclude>
    <ClInclude Include="..\source\core\GameTimer.h">
      <Filter>source\core</Filter>
    </ClInclude>
    <ClInclude Include="..\source\core\GeometryGenerator.h">
      <Filter>source\core</Filter>
    </ClInclude>
    <ClInclude Include="..\source\core\MathHelper.h">
      <Filter>source\core</Filter>
    </ClInclude>
    <ClInclude Include="..\source\core\UploadBuffer.h">
      <Filter>source\core</Filter>
    </ClInclude>
  </ItemGroup>
</Project>