
Microsoft Visual Studio Solution File, Format Version 12.00
# Visual Studio Version 17
VisualStudioVersion = 17.3.32922.545
MinimumVisualStudioVersion = 10.0.40219.1
Project("{8BC9CEB8-8B4A-11D0-8D11-00A0C91BC942}") = "DirectX", "DirectX\DirectX.vcxproj", "{50845AD6-58E1-4533-B8EC-ECF13A5D1714}"
EndProject
Project("{8BC9CEB8-8B4A-11D0-8D11-00A0C91BC942}") = "BoxApp", "BoxApp\BoxApp.vcxproj", "{D505DFB6-A3A3-4315-BBAE-97F93A13BBFE}"
EndProject
Project("{8BC9CEB8-8B4A-11D0-8D11-00A0C91BC942}") = "EmptySample", "EmptySample\EmptySample.vcxproj", "{569B8F0D-7462-4BA3-963F-38A145CE6A8A}"
EndProject
Project("{8BC9CEB8-8B4A-11D0-8D11-00A0C91BC942}") = "Shapes", "Shapes\Shapes.vcxproj", "{6EB89151-2BAD-48C4-A821-CE73D1C8D254}"
EndProject
Global
	GlobalSection(SolutionConfigurationPlatforms) = preSolution
		Debug|x64 = Debug|x64
		Debug|x86 = Debug|x86
		Release|x64 = Release|x64
		Release|x86 = Release|x86
	EndGlobalSection
	GlobalSection(ProjectConfigurationPlatforms) = postSolution
		{50845AD6-58E1-4533-B8EC-ECF13A5D1714}.Debug|x64.ActiveCfg = Debug|x64
		{50845AD6-58E1-4533-B8EC-ECF13A5D1714}.Debug|x64.Build.0 = Debug|x64
		{50845AD6-58E1-4533-B8EC-ECF13A5D1714}.Debug|x86.ActiveCfg = Debug|Win32
		{50845AD6-58E1-4533-B8EC-ECF13A5D1714}.Debug|x86.Build.0 = Debug|Win32
		{50845AD6-58E1-4533-B8EC-ECF13A5D1714}.Release|x64.ActiveCfg = Release|x64
		{50845AD6-58E1-4533-B8EC-ECF13A5D1714}.Release|x64.Build.0 = Release|x64
		{50845AD6-58E1-4533-B8EC-ECF13A5D1714}.Release|x86.ActiveCfg = Release|Win32
		{50845AD6-58E1-4533-B8EC-ECF13A5D1714}.Release|x86.Build.0 = Release|Win32
		{D505DFB6-A3A3-4315-BBAE-97F93A13BBFE}.Debug|x64.ActiveCfg = Debug|x64
		{D505DFB6-A3A3-4315-BBAE-97F93A13BBFE}.Debug|x64.Build.0 = Debug|x64
		{D505DFB6-A3A3-4315-BBAE-97F93A13BBFE}.Debug|x86.ActiveCfg = Debug|Win32
		{D505DFB6-A3A3-4315-BBAE-97F93A13BBFE}.Debug|x86.Build.0 = Debug|Win32
		{D505DFB6-A3A3-4315-BBAE-97F93A13BBFE}.Release|x64.ActiveCfg = Release|x64
		{D505DFB6-A3A3-4315-BBAE-97F93A13BBFE}.Release|x64.Build.0 = Release|x64
		{D505DFB6-A3A3-4315-BBAE-97F93A13BBFE}.Release|x86.ActiveCfg = Release|Win32
		{D505DFB6-A3A3-4315-BBAE-97F93A13BBFE}.Release|x86.Build.0 = Release|Win32
		{569B8F0D-7462-4BA3-963F-38A145CE6A8A}.Debug|x64.ActiveCfg = Debug|x64
		{569B8F0D-7462-4BA3-963F-38A145CE6A8A}.Debug|x64.Build.0 = Debug|x64
		{569B8F0D-7462-4BA3-963F-38A145CE6A8A}.Debug|x86.ActiveCfg = Debug|Win32
		{569B8F0D-7462-4BA3-963F-38A145CE6A8A}.Debug|x86.Build.0 = Debug|Win32
		{569B8F0D-7462-4BA3-963F-38A145CE6A8A}.Release|x64.ActiveCfg = Release|x64
		{569B8F0D-7462-4BA3-963F-38A145CE6A8A}.Release|x64.Build.0 = Release|x64
		{569B8F0D-7462-4BA3-963F-38A145CE6A8A}.Release|x86.ActiveCfg = Release|Win32
		{569B8F0D-7462-4BA3-963F-38A145CE6A8A}.Release|x86.Build.0 = Release|Win32
		{6EB89151-2BAD-48C4-A821-CE73D1C8D254}.Debug|x64.ActiveCfg = Debug|x64
		{6EB89151-2BAD-48C4-A821-CE73D1C8D254}.Debug|x64.Build.0 = Debug|x64
		{6EB89151-2BAD-48C4-A821-CE73D1C8D254}.Debug|x86.ActiveCfg = Debug|Win32
		{6EB89151-2BAD-48C4-A821-CE73D1C8D254}.Debug|x86.Build.0 = Debug|Win32
		{6EB89151-2BAD-48C4-A821-CE73D1C8D254}.Release|x64.ActiveCfg = Release|x64
		{6EB89151-2BAD-48C4-A821-CE73D1C8D254}.Release|x64.Build.0 = Release|x64
		{6EB89151-2BAD-48C4-A821-CE73D1C8D254}.Release|x86.ActiveCfg = Release|Win32
		{6EB89151-2BAD-48C4-A821-CE73D1C8D254}.Release|x86.Build.0 = Release|Win32
	EndGlobalSection
	GlobalSection(SolutionProperties) = preSolution
		HideSolutionNode = FALSE
	EndGlobalSection
	GlobalSection(ExtensibilityGlobals) = postSolution
		SolutionGuid = {77A937DF-9BC7-4A2C-9C27-CB57A1A9F06E}
	EndGlobalSection
EndGlobal
